{
  "nodes": {
    "LS_COLORS": {
      "flake": false,
      "locked": {
        "lastModified": 1662043590,
        "narHash": "sha256-KsVuHBd4CzAWDeobS0N4NW+z1KMK1kBnZg14g67SCeQ=",
        "owner": "trapd00r",
        "repo": "LS_COLORS",
        "rev": "e36eebfb3e1b39497c6038cdc70c75109b6434de",
        "type": "github"
      },
      "original": {
        "owner": "trapd00r",
        "repo": "LS_COLORS",
        "type": "github"
      }
    },
    "emacs-overlay": {
      "inputs": {
        "flake-utils": [
          "flake-utils"
        ],
        "nixpkgs": [
          "nixpkgs-unstable"
        ]
      },
      "locked": {
        "lastModified": 1671906134,
        "narHash": "sha256-1f50ttvpjHBV+vl1FPf8UjokaQIGHIzYKoHZQjmSrLg=",
        "owner": "nix-community",
        "repo": "emacs-overlay",
        "rev": "c2698d134aa2f1c1ba491f851d6c1a0114a4b1e6",
        "type": "github"
      },
      "original": {
        "owner": "nix-community",
        "repo": "emacs-overlay",
        "type": "github"
      }
    },
    "firefox-lepton": {
      "flake": false,
      "locked": {
        "lastModified": 1671569801,
        "narHash": "sha256-MMORwZZAGk7bQgLAB/d5vZi/KsrwWxhwkrGuy9nw484=",
        "owner": "black7375",
        "repo": "Firefox-UI-Fix",
        "rev": "742075c1372aeaabb7c25828cff57ca7da13979c",
        "type": "github"
      },
      "original": {
        "owner": "black7375",
        "repo": "Firefox-UI-Fix",
        "type": "github"
      }
    },
    "flake-compat": {
      "flake": false,
      "locked": {
        "lastModified": 1668681692,
        "narHash": "sha256-Ht91NGdewz8IQLtWZ9LCeNXMSXHUss+9COoqu6JLmXU=",
        "owner": "edolstra",
        "repo": "flake-compat",
        "rev": "009399224d5e398d03b22badca40a37ac85412a1",
        "type": "github"
      },
      "original": {
        "owner": "edolstra",
        "repo": "flake-compat",
        "type": "github"
      }
    },
    "flake-utils": {
      "locked": {
        "lastModified": 1667395993,
        "narHash": "sha256-nuEHfE/LcWyuSWnS8t12N1wc105Qtau+/OdUAjtQ0rA=",
        "owner": "numtide",
        "repo": "flake-utils",
        "rev": "5aed5285a952e0b949eb3ba02c12fa4fcfef535f",
        "type": "github"
      },
      "original": {
        "owner": "numtide",
        "repo": "flake-utils",
        "type": "github"
      }
    },
    "gitignore": {
      "inputs": {
        "nixpkgs": [
          "pre-commit-hooks",
          "nixpkgs"
        ]
      },
      "locked": {
        "lastModified": 1660459072,
        "narHash": "sha256-8DFJjXG8zqoONA1vXtgeKXy68KdJL5UaXR8NtVMUbx8=",
        "owner": "hercules-ci",
        "repo": "gitignore.nix",
        "rev": "a20de23b925fd8264fd7fad6454652e142fd7f73",
        "type": "github"
      },
      "original": {
        "owner": "hercules-ci",
        "repo": "gitignore.nix",
        "type": "github"
      }
    },
    "home-manager": {
      "inputs": {
        "nixpkgs": [
          "nixpkgs-unstable"
        ],
        "utils": "utils"
      },
      "locked": {
        "lastModified": 1671578428,
        "narHash": "sha256-YmbpBcPaGz9KE2bC4xPvSdgCSMk0BmS/L3ePvy9TR/M=",
        "owner": "nix-community",
        "repo": "home-manager",
        "rev": "0f8bf4f92efa3c6168705b49a6788abb3612033a",
        "type": "github"
      },
      "original": {
        "owner": "nix-community",
        "repo": "home-manager",
        "type": "github"
      }
    },
    "nixos": {
      "locked": {
        "lastModified": 1671752829,
        "narHash": "sha256-oFeJzAq0iRL6md9Si8Tx9bltjwjLmldvgUmAteMhYW4=",
        "owner": "NixOS",
        "repo": "nixpkgs",
        "rev": "9898811c658d39b2692d0ab744377e02fd85d08b",
        "type": "github"
      },
      "original": {
        "owner": "NixOS",
        "ref": "nixos-22.11-small",
        "repo": "nixpkgs",
        "type": "github"
      }
    },
    "nixos-logo-gruvbox-wallpaper": {
      "flake": false,
      "locked": {
        "lastModified": 1649451983,
        "narHash": "sha256-Aa34MMYxbY3pp62KxnF20rwa2uJ02y70vfXMvgNanZo=",
        "owner": "lunik1",
        "repo": "nixos-logo-gruvbox-wallpaper",
        "rev": "5398360a89c318f73a36e372bec0055cf35f6c84",
        "type": "github"
      },
      "original": {
        "owner": "lunik1",
        "repo": "nixos-logo-gruvbox-wallpaper",
        "type": "github"
      }
    },
    "nixpkgs-stable": {
      "locked": {
        "lastModified": 1671271954,
        "narHash": "sha256-cSvu+bnvN08sOlTBWbBrKaBHQZq8mvk8bgpt0ZJ2Snc=",
        "owner": "NixOS",
        "repo": "nixpkgs",
        "rev": "d513b448cc2a6da2c8803e3c197c9fc7e67b19e3",
        "type": "github"
      },
      "original": {
        "owner": "NixOS",
        "ref": "nixos-22.05",
        "repo": "nixpkgs",
        "type": "github"
      }
    },
    "nixpkgs-unstable": {
      "locked": {
        "lastModified": 1671458120,
        "narHash": "sha256-2+k/OONN4OF21TeoNjKB5sXVZv6Zvm/uEyQIW9OYCg8=",
        "owner": "nixos",
        "repo": "nixpkgs",
        "rev": "e37ef84b478fa8da0ced96522adfd956fde9047a",
        "type": "github"
      },
      "original": {
        "owner": "nixos",
        "ref": "nixpkgs-unstable",
        "repo": "nixpkgs",
        "type": "github"
      }
    },
    "pre-commit-hooks": {
      "inputs": {
        "flake-compat": "flake-compat",
        "flake-utils": [
          "flake-utils"
        ],
        "gitignore": "gitignore",
        "nixpkgs": [
          "nixpkgs-unstable"
        ],
        "nixpkgs-stable": "nixpkgs-stable"
      },
      "locked": {
        "lastModified": 1671452357,
        "narHash": "sha256-HqzXiQEegpRQ4VEl9pEPgHSIxhJrNJ27HfN1wOc7w2E=",
        "owner": "cachix",
        "repo": "pre-commit-hooks.nix",
        "rev": "200790e9c77064c53eaf95805b013d96615ecc27",
        "type": "github"
      },
      "original": {
        "owner": "cachix",
        "repo": "pre-commit-hooks.nix",
        "type": "github"
      }
    },
    "root": {
      "inputs": {
        "LS_COLORS": "LS_COLORS",
        "emacs-overlay": "emacs-overlay",
        "firefox-lepton": "firefox-lepton",
        "flake-utils": "flake-utils",
        "home-manager": "home-manager",
        "nixos": "nixos",
        "nixos-logo-gruvbox-wallpaper": "nixos-logo-gruvbox-wallpaper",
        "nixpkgs-unstable": "nixpkgs-unstable",
        "pre-commit-hooks": "pre-commit-hooks"
      }
    },
    "utils": {
      "locked": {
        "lastModified": 1667395993,
        "narHash": "sha256-nuEHfE/LcWyuSWnS8t12N1wc105Qtau+/OdUAjtQ0rA=",
        "owner": "numtide",
        "repo": "flake-utils",
        "rev": "5aed5285a952e0b949eb3ba02c12fa4fcfef535f",
        "type": "github"
      },
      "original": {
        "owner": "numtide",
        "repo": "flake-utils",
        "type": "github"
      }
    }
  },
  "root": "root",
  "version": 7
}
