{
  "nodes": {
    "flake-compat": {
      "flake": false,
      "locked": {
        "lastModified": 1696426674,
        "narHash": "sha256-kvjfFW7WAETZlt09AgDn1MrtKzP7t90Vf7vypd3OL1U=",
        "owner": "edolstra",
        "repo": "flake-compat",
        "rev": "0f9255e01c2351cc7d116c072cb317785dd33b33",
        "type": "github"
      },
      "original": {
        "owner": "edolstra",
        "repo": "flake-compat",
        "type": "github"
      }
    },
    "flake-compat_2": {
      "flake": false,
      "locked": {
        "lastModified": 1696426674,
        "narHash": "sha256-kvjfFW7WAETZlt09AgDn1MrtKzP7t90Vf7vypd3OL1U=",
        "owner": "edolstra",
        "repo": "flake-compat",
        "rev": "0f9255e01c2351cc7d116c072cb317785dd33b33",
        "type": "github"
      },
      "original": {
        "owner": "edolstra",
        "repo": "flake-compat",
        "type": "github"
      }
    },
    "flake-utils": {
      "inputs": {
        "systems": "systems"
      },
      "locked": {
        "lastModified": 1710146030,
        "narHash": "sha256-SZ5L6eA7HJ/nmkzGG7/ISclqe6oZdOZTNoesiInkXPQ=",
        "owner": "numtide",
        "repo": "flake-utils",
        "rev": "b1d9ab70662946ef0850d488da1c9019f3a9752a",
        "type": "github"
      },
      "original": {
        "owner": "numtide",
        "repo": "flake-utils",
        "type": "github"
      }
    },
    "gitignore": {
      "inputs": {
        "nixpkgs": [
          "pre-commit-hooks",
          "nixpkgs"
        ]
      },
      "locked": {
        "lastModified": 1709087332,
        "narHash": "sha256-HG2cCnktfHsKV0s4XW83gU3F57gaTljL9KNSuG6bnQs=",
        "owner": "hercules-ci",
        "repo": "gitignore.nix",
        "rev": "637db329424fd7e46cf4185293b9cc8c88c95394",
        "type": "github"
      },
      "original": {
        "owner": "hercules-ci",
        "repo": "gitignore.nix",
        "type": "github"
      }
    },
    "home-manager": {
      "inputs": {
        "nixpkgs": [
          "nixpkgs"
        ]
      },
      "locked": {
        "lastModified": 1711133180,
        "narHash": "sha256-WJOahf+6115+GMl3wUfURu8fszuNeJLv9qAWFQl3Vmo=",
        "owner": "nix-community",
        "repo": "home-manager",
        "rev": "1c2c5e4cabba4c43504ef0f8cc3f3dfa284e2dbb",
        "type": "github"
      },
      "original": {
        "owner": "nix-community",
        "repo": "home-manager",
        "type": "github"
      }
    },
    "lunik1-nur": {
      "inputs": {
        "flake-utils": [
          "flake-utils"
        ],
        "nixpkgs": [
          "nixpkgs"
        ],
        "nixpkgs-lint": "nixpkgs-lint",
        "pre-commit-hooks": [
          "pre-commit-hooks"
        ]
      },
      "locked": {
        "lastModified": 1710365728,
        "narHash": "sha256-62Yy8TdZhfurWvgRB/mv5ERfFaJlPIkDr0ci9w4Eym4=",
        "owner": "lunik1",
        "repo": "nur-packages",
        "rev": "7cce9556221ab4157ff798e0a36c3ff7fe4025e9",
        "type": "github"
      },
      "original": {
        "owner": "lunik1",
        "repo": "nur-packages",
        "type": "github"
      }
    },
    "naersk": {
      "inputs": {
        "nixpkgs": [
          "lunik1-nur",
          "nixpkgs-lint",
          "nixpkgs"
        ]
      },
      "locked": {
        "lastModified": 1697664192,
        "narHash": "sha256-nRTG3rYEGFV2+putRiC96+kNXDyKaPJgT6K/1FWN7yo=",
        "owner": "nix-community",
        "repo": "naersk",
        "rev": "636a9b5dd7f2ad7d7c3af929ecf95e4d4fab9e97",
        "type": "github"
      },
      "original": {
        "owner": "nix-community",
        "ref": "master",
        "repo": "naersk",
        "type": "github"
      }
    },
    "nix-index-database": {
      "inputs": {
        "nixpkgs": [
          "nixpkgs"
        ]
      },
      "locked": {
        "lastModified": 1710644923,
        "narHash": "sha256-0fjbN5GYYDKPyPay0l8gYoH+tFfNqPPwP5sxxBreeA4=",
        "owner": "Mic92",
        "repo": "nix-index-database",
        "rev": "e25efda85e39fcdc845e371971ac4384989c4295",
        "type": "github"
      },
      "original": {
        "owner": "Mic92",
        "repo": "nix-index-database",
        "type": "github"
      }
    },
    "nix-wallpaper": {
      "inputs": {
        "flake-utils": [
          "flake-utils"
        ],
        "nixpkgs": [
          "nixpkgs"
        ],
        "pre-commit-hooks": [
          "pre-commit-hooks"
        ]
      },
      "locked": {
        "lastModified": 1708554876,
        "narHash": "sha256-gaL/q2OtucwPrh/nVm1kvtLSvGdcem0E87WZ+rozBYc=",
        "owner": "lunik1",
        "repo": "nix-wallpaper",
        "rev": "5058a76a9db42a7fdc05ce9cae0cc7c3c71acd22",
        "type": "github"
      },
      "original": {
        "owner": "lunik1",
        "repo": "nix-wallpaper",
        "type": "github"
      }
    },
    "nixpkgs": {
      "locked": {
        "lastModified": 1711001935,
        "narHash": "sha256-URtGpHue7HHZK0mrHnSf8wJ6OmMKYSsoLmJybrOLFSQ=",
        "owner": "nixos",
        "repo": "nixpkgs",
        "rev": "20f77aa09916374aa3141cbc605c955626762c9a",
        "type": "github"
      },
      "original": {
        "owner": "nixos",
        "ref": "nixos-unstable",
        "repo": "nixpkgs",
        "type": "github"
      }
    },
    "nixpkgs-lint": {
      "inputs": {
        "flake-compat": "flake-compat",
        "naersk": "naersk",
        "nixpkgs": [
          "lunik1-nur",
          "nixpkgs"
        ],
        "utils": [
          "lunik1-nur",
          "flake-utils"
        ]
      },
      "locked": {
        "lastModified": 1705423853,
        "narHash": "sha256-7+T6Q7pAlhgqw5o/4SvHm4YKKUiGJmkasAr0Jw9CZio=",
        "owner": "nix-community",
        "repo": "nixpkgs-lint",
        "rev": "05410fd37fcac0ad3824172dc9b549bae04da963",
        "type": "github"
      },
      "original": {
        "owner": "nix-community",
        "repo": "nixpkgs-lint",
        "type": "github"
      }
    },
    "nixpkgs-stable": {
      "locked": {
        "lastModified": 1710695816,
        "narHash": "sha256-3Eh7fhEID17pv9ZxrPwCLfqXnYP006RKzSs0JptsN84=",
        "owner": "NixOS",
        "repo": "nixpkgs",
        "rev": "614b4613980a522ba49f0d194531beddbb7220d3",
        "type": "github"
      },
      "original": {
        "owner": "NixOS",
        "ref": "nixos-23.11",
        "repo": "nixpkgs",
        "type": "github"
      }
    },
    "pre-commit-hooks": {
      "inputs": {
        "flake-compat": "flake-compat_2",
        "flake-utils": [
          "flake-utils"
        ],
        "gitignore": "gitignore",
        "nixpkgs": [
          "nixpkgs"
        ],
        "nixpkgs-stable": "nixpkgs-stable"
      },
      "locked": {
        "lastModified": 1710923068,
        "narHash": "sha256-6hOpUiuxuwpXXc/xfJsBUJeqqgGI+JMJuLo45aG3cKc=",
        "owner": "cachix",
        "repo": "pre-commit-hooks.nix",
        "rev": "e611897ddfdde3ed3eaac4758635d7177ff78673",
        "type": "github"
      },
      "original": {
        "owner": "cachix",
        "repo": "pre-commit-hooks.nix",
        "type": "github"
      }
    },
    "root": {
      "inputs": {
        "flake-utils": "flake-utils",
        "home-manager": "home-manager",
        "lunik1-nur": "lunik1-nur",
        "nix-index-database": "nix-index-database",
        "nix-wallpaper": "nix-wallpaper",
        "nixpkgs": "nixpkgs",
        "pre-commit-hooks": "pre-commit-hooks",
        "sops-nix": "sops-nix"
      }
    },
    "sops-nix": {
      "inputs": {
        "nixpkgs": [
          "nixpkgs"
        ],
        "nixpkgs-stable": [
          "nixpkgs"
        ]
      },
      "locked": {
        "lastModified": 1710644594,
        "narHash": "sha256-RquCuzxfy4Nr8DPbdp3D/AsbYep21JgQzG8aMH9jJ4A=",
        "owner": "Mic92",
        "repo": "sops-nix",
        "rev": "83b68a0e8c94b72cdd0a6e547a14ca7eb1c03616",
        "type": "github"
      },
      "original": {
        "owner": "Mic92",
        "repo": "sops-nix",
        "type": "github"
      }
    },
    "systems": {
      "locked": {
        "lastModified": 1681028828,
        "narHash": "sha256-Vy1rq5AaRuLzOxct8nz4T6wlgyUR7zLU309k9mBC768=",
        "owner": "nix-systems",
        "repo": "default",
        "rev": "da67096a3b9bf56a91d16901293e51ba5b49a27e",
        "type": "github"
      },
      "original": {
        "owner": "nix-systems",
        "repo": "default",
        "type": "github"
      }
    }
  },
  "root": "root",
  "version": 7
}
