{
  "nodes": {
    "LS_COLORS": {
      "flake": false,
      "locked": {
        "lastModified": 1614790381,
        "narHash": "sha256-ajYsRkW6Y7zuGoQn+mK4j2ZFE7spvAzEV6CLB3FJqrM=",
        "owner": "trapd00r",
        "repo": "LS_COLORS",
        "rev": "14cc83a6a0105bebc7043ff2d35b4dc0703f7d48",
        "type": "github"
      },
      "original": {
        "owner": "trapd00r",
        "repo": "LS_COLORS",
        "type": "github"
      }
    },
    "firefox-lepton": {
      "flake": false,
      "locked": {
        "lastModified": 1625487707,
        "narHash": "sha256-TGPSpfyYNlxq1KhNuUSFf+DDJliZPcoCHVljCVPAZd0=",
        "owner": "black7375",
        "repo": "Firefox-UI-Fix",
        "rev": "9c4c3b03efe34514dcfa2f45dbc42832bc9e0abe",
        "type": "github"
      },
      "original": {
        "owner": "black7375",
        "repo": "Firefox-UI-Fix",
        "type": "github"
      }
    },
    "home-manager": {
      "inputs": {
        "nixpkgs": [
          "nixpkgs"
        ]
      },
      "locked": {
        "lastModified": 1624993363,
        "narHash": "sha256-1oiyM/jcYPB2D7vY1jVAQk5Mgy++qP6I08Y+VoUgIro=",
        "owner": "nix-community",
        "repo": "home-manager",
        "rev": "3f6cb409cadf38e71d73f43af52ce27b6ee70214",
        "type": "github"
      },
      "original": {
        "owner": "nix-community",
        "repo": "home-manager",
        "type": "github"
      }
    },
    "nixos-logo-gruvbox-wallpaper": {
      "flake": false,
      "locked": {
        "lastModified": 1618844397,
        "narHash": "sha256-skqKXidGoKcg3/APreZTN9vndUcRI3dckzUyoG3xVok=",
        "owner": "lunik1",
        "repo": "nixos-logo-gruvbox-wallpaper",
        "rev": "c94a15202a1498e6d828dde570e6f24b6f4f922b",
        "type": "github"
      },
      "original": {
        "owner": "lunik1",
        "repo": "nixos-logo-gruvbox-wallpaper",
        "type": "github"
      }
    },
    "nixpkgs": {
      "locked": {
        "lastModified": 1624668028,
        "narHash": "sha256-FUxvXMBPQ5jrGhS47jwBFZQte0yDkMCBI5M24mJi5X0=",
        "owner": "nixos",
        "repo": "nixpkgs",
        "rev": "e85975942742a3728226ac22a3415f2355bfc897",
        "type": "github"
      },
      "original": {
        "owner": "nixos",
        "ref": "nixpkgs-unstable",
        "repo": "nixpkgs",
        "type": "github"
      }
    },
    "root": {
      "inputs": {
        "LS_COLORS": "LS_COLORS",
        "firefox-lepton": "firefox-lepton",
        "home-manager": "home-manager",
        "nixos-logo-gruvbox-wallpaper": "nixos-logo-gruvbox-wallpaper",
        "nixpkgs": "nixpkgs"
      }
    }
  },
  "root": "root",
  "version": 7
}
