{
  "nodes": {
    "home-manager": {
      "inputs": {
        "nixpkgs": [
          "nixpkgs"
        ]
      },
      "locked": {
        "lastModified": 1616724076,
        "narHash": "sha256-SwbPXLjN2sLy4NL/GhodiJrdkIVZwGGTGiCN3JxH1cU=",
        "owner": "nix-community",
        "repo": "home-manager",
        "rev": "fedfd430f96695997b3eaf8d7e82ca79406afa23",
        "type": "github"
      },
      "original": {
        "owner": "nix-community",
        "repo": "home-manager",
        "type": "github"
      }
    },
    "nixpkgs": {
      "locked": {
        "lastModified": 1616527350,
        "narHash": "sha256-VkMevY2WLU+K7T/P4wVj18Ms8zyeRfp05ILf556m5Y8=",
        "owner": "nixos",
        "repo": "nixpkgs",
        "rev": "d3f7e969b9860fb80750147aeb56dab1c730e756",
        "type": "github"
      },
      "original": {
        "owner": "nixos",
        "ref": "nixos-unstable",
        "repo": "nixpkgs",
        "type": "github"
      }
    },
    "root": {
      "inputs": {
        "home-manager": "home-manager",
        "nixpkgs": "nixpkgs"
      }
    }
  },
  "root": "root",
  "version": 7
}
