{
  "nodes": {
    "LS_COLORS": {
      "flake": false,
      "locked": {
        "lastModified": 1626968427,
        "narHash": "sha256-YesBoL6c9NKKiMwIS6gtfNz7BAhEWRuVpw0Et7JtGY4=",
        "owner": "trapd00r",
        "repo": "LS_COLORS",
        "rev": "aab04da18eb5987663b09185e28a7fde80363945",
        "type": "github"
      },
      "original": {
        "owner": "trapd00r",
        "repo": "LS_COLORS",
        "type": "github"
      }
    },
    "firefox-lepton": {
      "flake": false,
      "locked": {
        "lastModified": 1626669800,
        "narHash": "sha256-T20vid4yDGIP5S0vspSayTTg1L/rRydklc/0KYZj870=",
        "owner": "black7375",
        "repo": "Firefox-UI-Fix",
        "rev": "1c150b243242268f3c54b82a16bd33ba12f02dbb",
        "type": "github"
      },
      "original": {
        "owner": "black7375",
        "repo": "Firefox-UI-Fix",
        "type": "github"
      }
    },
    "home-manager": {
      "inputs": {
        "nixpkgs": [
          "nixpkgs"
        ]
      },
      "locked": {
        "lastModified": 1626841047,
        "narHash": "sha256-DSS2Wuu9P0oUzVRTwkd9J/AALhS9kA2ZwSlX0u8gGsM=",
        "owner": "nix-community",
        "repo": "home-manager",
        "rev": "41101d0e62fe3cdb76e8e64349a2650da1433dd4",
        "type": "github"
      },
      "original": {
        "owner": "nix-community",
        "repo": "home-manager",
        "type": "github"
      }
    },
    "nixos-logo-gruvbox-wallpaper": {
      "flake": false,
      "locked": {
        "lastModified": 1618844397,
        "narHash": "sha256-skqKXidGoKcg3/APreZTN9vndUcRI3dckzUyoG3xVok=",
        "owner": "lunik1",
        "repo": "nixos-logo-gruvbox-wallpaper",
        "rev": "c94a15202a1498e6d828dde570e6f24b6f4f922b",
        "type": "github"
      },
      "original": {
        "owner": "lunik1",
        "repo": "nixos-logo-gruvbox-wallpaper",
        "type": "github"
      }
    },
    "nixpkgs": {
      "locked": {
        "lastModified": 1626852498,
        "narHash": "sha256-lOXUJvi0FJUXHTVSiC5qsMRtEUgqM4mGZpMESLuGhmo=",
        "owner": "nixos",
        "repo": "nixpkgs",
        "rev": "16105403bdd843540cbef9c63fc0f16c1c6eaa70",
        "type": "github"
      },
      "original": {
        "owner": "nixos",
        "ref": "nixpkgs-unstable",
        "repo": "nixpkgs",
        "type": "github"
      }
    },
    "root": {
      "inputs": {
        "LS_COLORS": "LS_COLORS",
        "firefox-lepton": "firefox-lepton",
        "home-manager": "home-manager",
        "nixos-logo-gruvbox-wallpaper": "nixos-logo-gruvbox-wallpaper",
        "nixpkgs": "nixpkgs"
      }
    }
  },
  "root": "root",
  "version": 7
}
