{
  "nodes": {
    "nixpkgs": {
      "locked": {
        "lastModified": 1628460690,
        "narHash": "sha256-aLwCbAug2OmPiRCsQ71JZIcUHL/4t3gstLirBGB5D1g=",
        "owner": "NixOS",
        "repo": "nixpkgs",
        "rev": "9d5f7324c281905c114975e193357f40c9d345a0",
        "type": "github"
      },
      "original": {
        "owner": "NixOS",
        "ref": "nixos-21.05-small",
        "repo": "nixpkgs",
        "type": "github"
      }
    },
    "root": {
      "inputs": {
        "nixpkgs": "nixpkgs"
      }
    }
  },
  "root": "root",
  "version": 7
}
