{
  "nodes": {
    "nixpkgs": {
      "locked": {
        "lastModified": 1615229948,
        "narHash": "sha256-bVADeNndFwv2V5oWTYM/5Dx6Eqfvb6bY8uR5ODRkUZM=",
        "owner": "NixOS",
        "repo": "nixpkgs",
        "rev": "1c7f02b0b9f115ccbc122ce39ae99debc1af857a",
        "type": "github"
      },
      "original": {
        "owner": "NixOS",
        "ref": "nixos-20.09",
        "repo": "nixpkgs",
        "type": "github"
      }
    },
    "root": {
      "inputs": {
        "nixpkgs": "nixpkgs"
      }
    }
  },
  "root": "root",
  "version": 7
}
